
Microsoft Visual Studio Solution File, Format Version 12.00
# Visual Studio Version 16
VisualStudioVersion = 16.0.32228.343
MinimumVisualStudioVersion = 10.0.40219.1
Project("{FAE04EC0-301F-11D3-BF4B-00C04F79EFBC}") = "AuctionsAppAPI", "AuctionsAppAPI.csproj", "{6A2FCC07-C46E-4F5C-A877-5329640BB162}"
EndProject
Global
	GlobalSection(SolutionConfigurationPlatforms) = preSolution
		Debug|Any CPU = Debug|Any CPU
		Release|Any CPU = Release|Any CPU
	EndGlobalSection
	GlobalSection(ProjectConfigurationPlatforms) = postSolution
		{6A2FCC07-C46E-4F5C-A877-5329640BB162}.Debug|Any CPU.ActiveCfg = Debug|Any CPU
		{6A2FCC07-C46E-4F5C-A877-5329640BB162}.Debug|Any CPU.Build.0 = Debug|Any CPU
		{6A2FCC07-C46E-4F5C-A877-5329640BB162}.Release|Any CPU.ActiveCfg = Release|Any CPU
		{6A2FCC07-C46E-4F5C-A877-5329640BB162}.Release|Any CPU.Build.0 = Release|Any CPU
	EndGlobalSection
	GlobalSection(SolutionProperties) = preSolution
		HideSolutionNode = FALSE
	EndGlobalSection
	GlobalSection(ExtensibilityGlobals) = postSolution
		SolutionGuid = {CE48F83D-5A99-4433-8015-85D04A8F1CDE}
	EndGlobalSection
EndGlobal
